
Microsoft Visual Studio Solution File, Format Version 12.00
# Visual Studio Version 16
VisualStudioVersion = 16.0.29215.179
MinimumVisualStudioVersion = 10.0.40219.1
Project("{FAE04EC0-301F-11D3-BF4B-00C04F79EFBC}") = "BooksApi", "BooksApi\BooksApi.csproj", "{740691DC-87E2-4F78-8FF7-6D966DA08BC3}"
EndProject
Project("{FAE04EC0-301F-11D3-BF4B-00C04F79EFBC}") = "BooksApiTests", "BooksApiTests\BooksApiTests.csproj", "{2509B1D5-8FE9-4CFF-9F19-E2CCD06CD373}"
EndProject
Global
	GlobalSection(SolutionConfigurationPlatforms) = preSolution
		Debug|Any CPU = Debug|Any CPU
		Release|Any CPU = Release|Any CPU
	EndGlobalSection
	GlobalSection(ProjectConfigurationPlatforms) = postSolution
		{740691DC-87E2-4F78-8FF7-6D966DA08BC3}.Debug|Any CPU.ActiveCfg = Debug|Any CPU
		{740691DC-87E2-4F78-8FF7-6D966DA08BC3}.Debug|Any CPU.Build.0 = Debug|Any CPU
		{740691DC-87E2-4F78-8FF7-6D966DA08BC3}.Release|Any CPU.ActiveCfg = Release|Any CPU
		{740691DC-87E2-4F78-8FF7-6D966DA08BC3}.Release|Any CPU.Build.0 = Release|Any CPU
		{2509B1D5-8FE9-4CFF-9F19-E2CCD06CD373}.Debug|Any CPU.ActiveCfg = Debug|Any CPU
		{2509B1D5-8FE9-4CFF-9F19-E2CCD06CD373}.Debug|Any CPU.Build.0 = Debug|Any CPU
		{2509B1D5-8FE9-4CFF-9F19-E2CCD06CD373}.Release|Any CPU.ActiveCfg = Release|Any CPU
		{2509B1D5-8FE9-4CFF-9F19-E2CCD06CD373}.Release|Any CPU.Build.0 = Release|Any CPU
	EndGlobalSection
	GlobalSection(SolutionProperties) = preSolution
		HideSolutionNode = FALSE
	EndGlobalSection
	GlobalSection(ExtensibilityGlobals) = postSolution
		SolutionGuid = {B5B9655A-B331-439A-BFF7-7CA55407919C}
	EndGlobalSection
EndGlobal
